
Microsoft Visual Studio Solution File, Format Version 12.00
# Visual Studio Version 16
VisualStudioVersion = 16.0.29503.13
MinimumVisualStudioVersion = 10.0.40219.1
Project("{FAE04EC0-301F-11D3-BF4B-00C04F79EFBC}") = "ClassLibrary3", "ClassLibrary3\ClassLibrary3.csproj", "{6E5A93BC-1512-4623-A7D8-235FF7F0356F}"
EndProject
Project("{FAE04EC0-301F-11D3-BF4B-00C04F79EFBC}") = "apptareaclase", "apptareaclase\apptareaclase.csproj", "{5D454B99-008B-4298-8DB3-AAF5DC65AA46}"
EndProject
Project("{FAE04EC0-301F-11D3-BF4B-00C04F79EFBC}") = "Tareadeformulageneral", "Tareadeformulageneral\Tareadeformulageneral.csproj", "{7EE9C163-0508-472E-9494-F4C4556B1EE3}"
EndProject
Project("{FAE04EC0-301F-11D3-BF4B-00C04F79EFBC}") = "tarea2", "tarea2\tarea2.csproj", "{B6F6BB35-FC06-4A92-B298-A20EA92F96B8}"
EndProject
Global
	GlobalSection(SolutionConfigurationPlatforms) = preSolution
		Debug|Any CPU = Debug|Any CPU
		Release|Any CPU = Release|Any CPU
	EndGlobalSection
	GlobalSection(ProjectConfigurationPlatforms) = postSolution
		{6E5A93BC-1512-4623-A7D8-235FF7F0356F}.Debug|Any CPU.ActiveCfg = Debug|Any CPU
		{6E5A93BC-1512-4623-A7D8-235FF7F0356F}.Debug|Any CPU.Build.0 = Debug|Any CPU
		{6E5A93BC-1512-4623-A7D8-235FF7F0356F}.Release|Any CPU.ActiveCfg = Release|Any CPU
		{6E5A93BC-1512-4623-A7D8-235FF7F0356F}.Release|Any CPU.Build.0 = Release|Any CPU
		{5D454B99-008B-4298-8DB3-AAF5DC65AA46}.Debug|Any CPU.ActiveCfg = Debug|Any CPU
		{5D454B99-008B-4298-8DB3-AAF5DC65AA46}.Debug|Any CPU.Build.0 = Debug|Any CPU
		{5D454B99-008B-4298-8DB3-AAF5DC65AA46}.Release|Any CPU.ActiveCfg = Release|Any CPU
		{5D454B99-008B-4298-8DB3-AAF5DC65AA46}.Release|Any CPU.Build.0 = Release|Any CPU
		{7EE9C163-0508-472E-9494-F4C4556B1EE3}.Debug|Any CPU.ActiveCfg = Debug|Any CPU
		{7EE9C163-0508-472E-9494-F4C4556B1EE3}.Debug|Any CPU.Build.0 = Debug|Any CPU
		{7EE9C163-0508-472E-9494-F4C4556B1EE3}.Release|Any CPU.ActiveCfg = Release|Any CPU
		{7EE9C163-0508-472E-9494-F4C4556B1EE3}.Release|Any CPU.Build.0 = Release|Any CPU
		{B6F6BB35-FC06-4A92-B298-A20EA92F96B8}.Debug|Any CPU.ActiveCfg = Debug|Any CPU
		{B6F6BB35-FC06-4A92-B298-A20EA92F96B8}.Debug|Any CPU.Build.0 = Debug|Any CPU
		{B6F6BB35-FC06-4A92-B298-A20EA92F96B8}.Release|Any CPU.ActiveCfg = Release|Any CPU
		{B6F6BB35-FC06-4A92-B298-A20EA92F96B8}.Release|Any CPU.Build.0 = Release|Any CPU
	EndGlobalSection
	GlobalSection(SolutionProperties) = preSolution
		HideSolutionNode = FALSE
	EndGlobalSection
	GlobalSection(ExtensibilityGlobals) = postSolution
		SolutionGuid = {92309F9F-B862-4588-8FCB-37FE26F893CA}
	EndGlobalSection
EndGlobal
