
Microsoft Visual Studio Solution File, Format Version 12.00
# Visual Studio 15
VisualStudioVersion = 15.0.28307.902
MinimumVisualStudioVersion = 10.0.40219.1
Project("{FAE04EC0-301F-11D3-BF4B-00C04F79EFBC}") = "ClassLibrary3", "ClassLibrary3\ClassLibrary3.csproj", "{6E5A93BC-1512-4623-A7D8-235FF7F0356F}"
EndProject
Global
	GlobalSection(SolutionConfigurationPlatforms) = preSolution
		Debug|Any CPU = Debug|Any CPU
		Release|Any CPU = Release|Any CPU
	EndGlobalSection
	GlobalSection(ProjectConfigurationPlatforms) = postSolution
		{6E5A93BC-1512-4623-A7D8-235FF7F0356F}.Debug|Any CPU.ActiveCfg = Debug|Any CPU
		{6E5A93BC-1512-4623-A7D8-235FF7F0356F}.Debug|Any CPU.Build.0 = Debug|Any CPU
		{6E5A93BC-1512-4623-A7D8-235FF7F0356F}.Release|Any CPU.ActiveCfg = Release|Any CPU
		{6E5A93BC-1512-4623-A7D8-235FF7F0356F}.Release|Any CPU.Build.0 = Release|Any CPU
	EndGlobalSection
	GlobalSection(SolutionProperties) = preSolution
		HideSolutionNode = FALSE
	EndGlobalSection
	GlobalSection(ExtensibilityGlobals) = postSolution
		SolutionGuid = {92309F9F-B862-4588-8FCB-37FE26F893CA}
	EndGlobalSection
EndGlobal
